
Microsoft Visual Studio Solution File, Format Version 12.00
# Visual Studio Version 17
VisualStudioVersion = 17.5.33530.505
MinimumVisualStudioVersion = 10.0.40219.1
Project("{9A19103F-16F7-4668-BE54-9A1E7A4F7556}") = "Globomantics.Windows", "Globomantics.Windows\Globomantics.Windows.csproj", "{D7DA3021-81CF-4304-88F8-6ADB7F06A621}"
EndProject
Project("{FAE04EC0-301F-11D3-BF4B-00C04F79EFBC}") = "Globomantics.Domain", "Globomantics.Domain\Globomantics.Domain.csproj", "{76382DC3-9A30-4D5A-A072-B528964C1135}"
EndProject
Project("{FAE04EC0-301F-11D3-BF4B-00C04F79EFBC}") = "Globomantics.Infrastructure", "Globomantics.Infrastructure\Globomantics.Infrastructure.csproj", "{40F52993-B982-40F3-91D2-90C7C12E6B04}"
EndProject
Global
	GlobalSection(SolutionConfigurationPlatforms) = preSolution
		Debug|Any CPU = Debug|Any CPU
		Release|Any CPU = Release|Any CPU
	EndGlobalSection
	GlobalSection(ProjectConfigurationPlatforms) = postSolution
		{D7DA3021-81CF-4304-88F8-6ADB7F06A621}.Debug|Any CPU.ActiveCfg = Debug|Any CPU
		{D7DA3021-81CF-4304-88F8-6ADB7F06A621}.Debug|Any CPU.Build.0 = Debug|Any CPU
		{D7DA3021-81CF-4304-88F8-6ADB7F06A621}.Release|Any CPU.ActiveCfg = Release|Any CPU
		{D7DA3021-81CF-4304-88F8-6ADB7F06A621}.Release|Any CPU.Build.0 = Release|Any CPU
		{76382DC3-9A30-4D5A-A072-B528964C1135}.Debug|Any CPU.ActiveCfg = Debug|Any CPU
		{76382DC3-9A30-4D5A-A072-B528964C1135}.Debug|Any CPU.Build.0 = Debug|Any CPU
		{76382DC3-9A30-4D5A-A072-B528964C1135}.Release|Any CPU.ActiveCfg = Release|Any CPU
		{76382DC3-9A30-4D5A-A072-B528964C1135}.Release|Any CPU.Build.0 = Release|Any CPU
		{40F52993-B982-40F3-91D2-90C7C12E6B04}.Debug|Any CPU.ActiveCfg = Debug|Any CPU
		{40F52993-B982-40F3-91D2-90C7C12E6B04}.Debug|Any CPU.Build.0 = Debug|Any CPU
		{40F52993-B982-40F3-91D2-90C7C12E6B04}.Release|Any CPU.ActiveCfg = Release|Any CPU
		{40F52993-B982-40F3-91D2-90C7C12E6B04}.Release|Any CPU.Build.0 = Release|Any CPU
	EndGlobalSection
	GlobalSection(SolutionProperties) = preSolution
		HideSolutionNode = FALSE
	EndGlobalSection
	GlobalSection(ExtensibilityGlobals) = postSolution
		SolutionGuid = {4D919CA4-E74B-4258-8D08-F2C7A529DD99}
	EndGlobalSection
EndGlobal
